
Microsoft Visual Studio Solution File, Format Version 12.00
# Visual Studio Version 16
VisualStudioVersion = 16.0.32106.194
MinimumVisualStudioVersion = 10.0.40219.1
Project("{FAE04EC0-301F-11D3-BF4B-00C04F79EFBC}") = "PickRandomCardsDM", "PickRandomCardsDM\PickRandomCardsDM.csproj", "{CE75D5B8-064F-40A0-941D-33BEBA0BDC64}"
EndProject
Global
	GlobalSection(SolutionConfigurationPlatforms) = preSolution
		Debug|Any CPU = Debug|Any CPU
		Release|Any CPU = Release|Any CPU
	EndGlobalSection
	GlobalSection(ProjectConfigurationPlatforms) = postSolution
		{CE75D5B8-064F-40A0-941D-33BEBA0BDC64}.Debug|Any CPU.ActiveCfg = Debug|Any CPU
		{CE75D5B8-064F-40A0-941D-33BEBA0BDC64}.Debug|Any CPU.Build.0 = Debug|Any CPU
		{CE75D5B8-064F-40A0-941D-33BEBA0BDC64}.Release|Any CPU.ActiveCfg = Release|Any CPU
		{CE75D5B8-064F-40A0-941D-33BEBA0BDC64}.Release|Any CPU.Build.0 = Release|Any CPU
	EndGlobalSection
	GlobalSection(SolutionProperties) = preSolution
		HideSolutionNode = FALSE
	EndGlobalSection
	GlobalSection(ExtensibilityGlobals) = postSolution
		SolutionGuid = {5E40F201-DB2A-49C9-B065-52FA6DE8B7B5}
	EndGlobalSection
EndGlobal
